
Microsoft Visual Studio Solution File, Format Version 12.00
# Visual Studio Version 16
VisualStudioVersion = 16.0.32929.386
MinimumVisualStudioVersion = 10.0.40219.1
Project("{FAE04EC0-301F-11D3-BF4B-00C04F79EFBC}") = "PortfolioLogSiteVisit", "PortfolioLogSiteVisit\PortfolioLogSiteVisit.csproj", "{C6C55C6A-1441-4E78-9C0A-667EE477A9D3}"
EndProject
Global
	GlobalSection(SolutionConfigurationPlatforms) = preSolution
		Debug|Any CPU = Debug|Any CPU
		Release|Any CPU = Release|Any CPU
	EndGlobalSection
	GlobalSection(ProjectConfigurationPlatforms) = postSolution
		{C6C55C6A-1441-4E78-9C0A-667EE477A9D3}.Debug|Any CPU.ActiveCfg = Debug|Any CPU
		{C6C55C6A-1441-4E78-9C0A-667EE477A9D3}.Debug|Any CPU.Build.0 = Debug|Any CPU
		{C6C55C6A-1441-4E78-9C0A-667EE477A9D3}.Release|Any CPU.ActiveCfg = Release|Any CPU
		{C6C55C6A-1441-4E78-9C0A-667EE477A9D3}.Release|Any CPU.Build.0 = Release|Any CPU
	EndGlobalSection
	GlobalSection(SolutionProperties) = preSolution
		HideSolutionNode = FALSE
	EndGlobalSection
	GlobalSection(ExtensibilityGlobals) = postSolution
		SolutionGuid = {58A62508-1A84-46DC-AA77-E894FA6F31D7}
	EndGlobalSection
EndGlobal
